// !$*UTF8*$!
{
	archiveVersion = 1;
	classes = {
	};
	objectVersion = 56;
	objects = {

/* Begin PBXBuildFile section */
		3409D2AA2B1CCB260066A373 /* TestingApp.swift in Sources */ = {isa = PBXBuildFile; fileRef = 3409D2A92B1CCB260066A373 /* TestingApp.swift */; };
		3409D2AC2B1CCB260066A373 /* HomeView.swift in Sources */ = {isa = PBXBuildFile; fileRef = 3409D2AB2B1CCB260066A373 /* HomeView.swift */; };
		3409D2B02B1CCB280066A373 /* Assets.xcassets in Resources */ = {isa = PBXBuildFile; fileRef = 3409D2AF2B1CCB280066A373 /* Assets.xcassets */; };
		3409D2B32B1CCB280066A373 /* Preview Assets.xcassets in Resources */ = {isa = PBXBuildFile; fileRef = 3409D2B22B1CCB280066A373 /* Preview Assets.xcassets */; };
		3409D2BA2B1CCBC00066A373 /* Note.swift in Sources */ = {isa = PBXBuildFile; fileRef = 3409D2B92B1CCBC00066A373 /* Note.swift */; };
		3409D2BD2B1CCCA80066A373 /* ViewModel.swift in Sources */ = {isa = PBXBuildFile; fileRef = 3409D2BC2B1CCCA80066A373 /* ViewModel.swift */; };
		3409D2C02B1CD16F0066A373 /* CreateNoteView.swift in Sources */ = {isa = PBXBuildFile; fileRef = 3409D2BF2B1CD16F0066A373 /* CreateNoteView.swift */; };
		3409D2C42B1CD9B00066A373 /* UpdateNoteView.swift in Sources */ = {isa = PBXBuildFile; fileRef = 3409D2C32B1CD9B00066A373 /* UpdateNoteView.swift */; };
		340F73772B5D687C004AFACC /* UpdateNoteUseCase.swift in Sources */ = {isa = PBXBuildFile; fileRef = 340F73762B5D687C004AFACC /* UpdateNoteUseCase.swift */; };
		340F737A2B5D6E2D004AFACC /* Mocks.swift in Sources */ = {isa = PBXBuildFile; fileRef = 340F73792B5D6E2D004AFACC /* Mocks.swift */; };
		344315B02B602BEA00BB9F00 /* InlineSnapshotTesting in Frameworks */ = {isa = PBXBuildFile; productRef = 344315AF2B602BEA00BB9F00 /* InlineSnapshotTesting */; };
		344315B22B602BEA00BB9F00 /* SnapshotTesting in Frameworks */ = {isa = PBXBuildFile; productRef = 344315B12B602BEA00BB9F00 /* SnapshotTesting */; };
		344315B42B602C3900BB9F00 /* CreateNoteView_SnapshotTest.swift in Sources */ = {isa = PBXBuildFile; fileRef = 344315B32B602C3900BB9F00 /* CreateNoteView_SnapshotTest.swift */; };
		346EB78E2B1E3E6500590F0E /* Note_Tests.swift in Sources */ = {isa = PBXBuildFile; fileRef = 346EB78D2B1E3E6500590F0E /* Note_Tests.swift */; };
		346EB7952B1E44F500590F0E /* ViewModel_Tests.swift in Sources */ = {isa = PBXBuildFile; fileRef = 346EB7942B1E44F500590F0E /* ViewModel_Tests.swift */; };
		349E01982B2B7C9F00D0E516 /* RemoveNoteUseCase.swift in Sources */ = {isa = PBXBuildFile; fileRef = 349E01972B2B7C9F00D0E516 /* RemoveNoteUseCase.swift */; };
		34A23BAA2B6965560066BBBA /* TestingUITests.swift in Sources */ = {isa = PBXBuildFile; fileRef = 34A23BA92B6965560066BBBA /* TestingUITests.swift */; };
		34D3F7FE2B2A275300CFDD0F /* ViewModel_Integration_Tests.swift in Sources */ = {isa = PBXBuildFile; fileRef = 34D3F7FD2B2A275300CFDD0F /* ViewModel_Integration_Tests.swift */; };
		34D4426D2B28CFA00066BE1C /* NotesDatabase.swift in Sources */ = {isa = PBXBuildFile; fileRef = 34D4426C2B28CFA00066BE1C /* NotesDatabase.swift */; };
		34D442702B28D4CC0066BE1C /* CreateNoteUseCase.swift in Sources */ = {isa = PBXBuildFile; fileRef = 34D4426F2B28D4CC0066BE1C /* CreateNoteUseCase.swift */; };
		34D442722B28D5A10066BE1C /* FetchAllNotesUseCase.swift in Sources */ = {isa = PBXBuildFile; fileRef = 34D442712B28D5A10066BE1C /* FetchAllNotesUseCase.swift */; };
/* End PBXBuildFile section */

/* Begin PBXContainerItemProxy section */
		346EB78F2B1E3E6500590F0E /* PBXContainerItemProxy */ = {
			isa = PBXContainerItemProxy;
			containerPortal = 3409D29E2B1CCB260066A373 /* Project object */;
			proxyType = 1;
			remoteGlobalIDString = 3409D2A52B1CCB260066A373;
			remoteInfo = Testing;
		};
		34A23BAD2B6965560066BBBA /* PBXContainerItemProxy */ = {
			isa = PBXContainerItemProxy;
			containerPortal = 3409D29E2B1CCB260066A373 /* Project object */;
			proxyType = 1;
			remoteGlobalIDString = 3409D2A52B1CCB260066A373;
			remoteInfo = Testing;
		};
/* End PBXContainerItemProxy section */

/* Begin PBXFileReference section */
		3409D2A62B1CCB260066A373 /* Testing.app */ = {isa = PBXFileReference; explicitFileType = wrapper.application; includeInIndex = 0; path = Testing.app; sourceTree = BUILT_PRODUCTS_DIR; };
		3409D2A92B1CCB260066A373 /* TestingApp.swift */ = {isa = PBXFileReference; lastKnownFileType = sourcecode.swift; path = TestingApp.swift; sourceTree = "<group>"; };
		3409D2AB2B1CCB260066A373 /* HomeView.swift */ = {isa = PBXFileReference; lastKnownFileType = sourcecode.swift; path = HomeView.swift; sourceTree = "<group>"; };
		3409D2AF2B1CCB280066A373 /* Assets.xcassets */ = {isa = PBXFileReference; lastKnownFileType = folder.assetcatalog; path = Assets.xcassets; sourceTree = "<group>"; };
		3409D2B22B1CCB280066A373 /* Preview Assets.xcassets */ = {isa = PBXFileReference; lastKnownFileType = folder.assetcatalog; path = "Preview Assets.xcassets"; sourceTree = "<group>"; };
		3409D2B92B1CCBC00066A373 /* Note.swift */ = {isa = PBXFileReference; lastKnownFileType = sourcecode.swift; path = Note.swift; sourceTree = "<group>"; };
		3409D2BC2B1CCCA80066A373 /* ViewModel.swift */ = {isa = PBXFileReference; lastKnownFileType = sourcecode.swift; path = ViewModel.swift; sourceTree = "<group>"; };
		3409D2BF2B1CD16F0066A373 /* CreateNoteView.swift */ = {isa = PBXFileReference; lastKnownFileType = sourcecode.swift; path = CreateNoteView.swift; sourceTree = "<group>"; };
		3409D2C32B1CD9B00066A373 /* UpdateNoteView.swift */ = {isa = PBXFileReference; lastKnownFileType = sourcecode.swift; path = UpdateNoteView.swift; sourceTree = "<group>"; };
		340F73762B5D687C004AFACC /* UpdateNoteUseCase.swift */ = {isa = PBXFileReference; lastKnownFileType = sourcecode.swift; path = UpdateNoteUseCase.swift; sourceTree = "<group>"; };
		340F73792B5D6E2D004AFACC /* Mocks.swift */ = {isa = PBXFileReference; lastKnownFileType = sourcecode.swift; path = Mocks.swift; sourceTree = "<group>"; };
		344315B32B602C3900BB9F00 /* CreateNoteView_SnapshotTest.swift */ = {isa = PBXFileReference; lastKnownFileType = sourcecode.swift; path = CreateNoteView_SnapshotTest.swift; sourceTree = "<group>"; };
		346EB78B2B1E3E6500590F0E /* TestingTests.xctest */ = {isa = PBXFileReference; explicitFileType = wrapper.cfbundle; includeInIndex = 0; path = TestingTests.xctest; sourceTree = BUILT_PRODUCTS_DIR; };
		346EB78D2B1E3E6500590F0E /* Note_Tests.swift */ = {isa = PBXFileReference; lastKnownFileType = sourcecode.swift; path = Note_Tests.swift; sourceTree = "<group>"; };
		346EB7942B1E44F500590F0E /* ViewModel_Tests.swift */ = {isa = PBXFileReference; lastKnownFileType = sourcecode.swift; path = ViewModel_Tests.swift; sourceTree = "<group>"; };
		349E01972B2B7C9F00D0E516 /* RemoveNoteUseCase.swift */ = {isa = PBXFileReference; lastKnownFileType = sourcecode.swift; path = RemoveNoteUseCase.swift; sourceTree = "<group>"; };
		34A23BA72B6965560066BBBA /* TestingUITests.xctest */ = {isa = PBXFileReference; explicitFileType = wrapper.cfbundle; includeInIndex = 0; path = TestingUITests.xctest; sourceTree = BUILT_PRODUCTS_DIR; };
		34A23BA92B6965560066BBBA /* TestingUITests.swift */ = {isa = PBXFileReference; lastKnownFileType = sourcecode.swift; path = TestingUITests.swift; sourceTree = "<group>"; };
		34D3F7FD2B2A275300CFDD0F /* ViewModel_Integration_Tests.swift */ = {isa = PBXFileReference; lastKnownFileType = sourcecode.swift; path = ViewModel_Integration_Tests.swift; sourceTree = "<group>"; };
		34D4426C2B28CFA00066BE1C /* NotesDatabase.swift */ = {isa = PBXFileReference; lastKnownFileType = sourcecode.swift; path = NotesDatabase.swift; sourceTree = "<group>"; };
		34D4426F2B28D4CC0066BE1C /* CreateNoteUseCase.swift */ = {isa = PBXFileReference; lastKnownFileType = sourcecode.swift; path = CreateNoteUseCase.swift; sourceTree = "<group>"; };
		34D442712B28D5A10066BE1C /* FetchAllNotesUseCase.swift */ = {isa = PBXFileReference; lastKnownFileType = sourcecode.swift; path = FetchAllNotesUseCase.swift; sourceTree = "<group>"; };
/* End PBXFileReference section */

/* Begin PBXFrameworksBuildPhase section */
		3409D2A32B1CCB260066A373 /* Frameworks */ = {
			isa = PBXFrameworksBuildPhase;
			buildActionMask = 2147483647;
			files = (
			);
			runOnlyForDeploymentPostprocessing = 0;
		};
		346EB7882B1E3E6500590F0E /* Frameworks */ = {
			isa = PBXFrameworksBuildPhase;
			buildActionMask = 2147483647;
			files = (
				344315B02B602BEA00BB9F00 /* InlineSnapshotTesting in Frameworks */,
				344315B22B602BEA00BB9F00 /* SnapshotTesting in Frameworks */,
			);
			runOnlyForDeploymentPostprocessing = 0;
		};
		34A23BA42B6965560066BBBA /* Frameworks */ = {
			isa = PBXFrameworksBuildPhase;
			buildActionMask = 2147483647;
			files = (
			);
			runOnlyForDeploymentPostprocessing = 0;
		};
/* End PBXFrameworksBuildPhase section */

/* Begin PBXGroup section */
		3409D29D2B1CCB260066A373 = {
			isa = PBXGroup;
			children = (
				3409D2A82B1CCB260066A373 /* Testing */,
				346EB78C2B1E3E6500590F0E /* TestingTests */,
				34A23BA82B6965560066BBBA /* TestingUITests */,
				3409D2A72B1CCB260066A373 /* Products */,
			);
			sourceTree = "<group>";
		};
		3409D2A72B1CCB260066A373 /* Products */ = {
			isa = PBXGroup;
			children = (
				3409D2A62B1CCB260066A373 /* Testing.app */,
				346EB78B2B1E3E6500590F0E /* TestingTests.xctest */,
				34A23BA72B6965560066BBBA /* TestingUITests.xctest */,
			);
			name = Products;
			sourceTree = "<group>";
		};
		3409D2A82B1CCB260066A373 /* Testing */ = {
			isa = PBXGroup;
			children = (
				3409D2A92B1CCB260066A373 /* TestingApp.swift */,
				3409D2C22B1CD1950066A373 /* Core */,
				3409D2AF2B1CCB280066A373 /* Assets.xcassets */,
				3409D2B12B1CCB280066A373 /* Preview Content */,
			);
			path = Testing;
			sourceTree = "<group>";
		};
		3409D2B12B1CCB280066A373 /* Preview Content */ = {
			isa = PBXGroup;
			children = (
				3409D2B22B1CCB280066A373 /* Preview Assets.xcassets */,
			);
			path = "Preview Content";
			sourceTree = "<group>";
		};
		3409D2BB2B1CCC8B0066A373 /* Model */ = {
			isa = PBXGroup;
			children = (
				3409D2B92B1CCBC00066A373 /* Note.swift */,
			);
			path = Model;
			sourceTree = "<group>";
		};
		3409D2BE2B1CCE840066A373 /* ViewModel */ = {
			isa = PBXGroup;
			children = (
				3409D2BC2B1CCCA80066A373 /* ViewModel.swift */,
			);
			path = ViewModel;
			sourceTree = "<group>";
		};
		3409D2C12B1CD1810066A373 /* Views */ = {
			isa = PBXGroup;
			children = (
				3409D2AB2B1CCB260066A373 /* HomeView.swift */,
				3409D2BF2B1CD16F0066A373 /* CreateNoteView.swift */,
				3409D2C32B1CD9B00066A373 /* UpdateNoteView.swift */,
			);
			path = Views;
			sourceTree = "<group>";
		};
		3409D2C22B1CD1950066A373 /* Core */ = {
			isa = PBXGroup;
			children = (
				34D4426B2B28CF8D0066BE1C /* Database */,
				34D4426E2B28D4B70066BE1C /* UseCases */,
				3409D2BB2B1CCC8B0066A373 /* Model */,
				3409D2BE2B1CCE840066A373 /* ViewModel */,
				3409D2C12B1CD1810066A373 /* Views */,
			);
			path = Core;
			sourceTree = "<group>";
		};
		340F73782B5D6E1D004AFACC /* Mocks */ = {
			isa = PBXGroup;
			children = (
				340F73792B5D6E2D004AFACC /* Mocks.swift */,
			);
			path = Mocks;
			sourceTree = "<group>";
		};
		344315B52B602C5600BB9F00 /* UnitTests */ = {
			isa = PBXGroup;
			children = (
				346EB78D2B1E3E6500590F0E /* Note_Tests.swift */,
				346EB7942B1E44F500590F0E /* ViewModel_Tests.swift */,
			);
			path = UnitTests;
			sourceTree = "<group>";
		};
		344315B62B602C6700BB9F00 /* IntegrationTests */ = {
			isa = PBXGroup;
			children = (
				34D3F7FD2B2A275300CFDD0F /* ViewModel_Integration_Tests.swift */,
			);
			path = IntegrationTests;
			sourceTree = "<group>";
		};
		344315B72B602C7500BB9F00 /* SnapshotTests */ = {
			isa = PBXGroup;
			children = (
				344315B32B602C3900BB9F00 /* CreateNoteView_SnapshotTest.swift */,
			);
			path = SnapshotTests;
			sourceTree = "<group>";
		};
		346EB78C2B1E3E6500590F0E /* TestingTests */ = {
			isa = PBXGroup;
			children = (
				344315B72B602C7500BB9F00 /* SnapshotTests */,
				344315B62B602C6700BB9F00 /* IntegrationTests */,
				344315B52B602C5600BB9F00 /* UnitTests */,
				340F73782B5D6E1D004AFACC /* Mocks */,
			);
			path = TestingTests;
			sourceTree = "<group>";
		};
		34A23BA82B6965560066BBBA /* TestingUITests */ = {
			isa = PBXGroup;
			children = (
				34A23BA92B6965560066BBBA /* TestingUITests.swift */,
			);
			path = TestingUITests;
			sourceTree = "<group>";
		};
		34D4426B2B28CF8D0066BE1C /* Database */ = {
			isa = PBXGroup;
			children = (
				34D4426C2B28CFA00066BE1C /* NotesDatabase.swift */,
			);
			path = Database;
			sourceTree = "<group>";
		};
		34D4426E2B28D4B70066BE1C /* UseCases */ = {
			isa = PBXGroup;
			children = (
				34D4426F2B28D4CC0066BE1C /* CreateNoteUseCase.swift */,
				34D442712B28D5A10066BE1C /* FetchAllNotesUseCase.swift */,
				349E01972B2B7C9F00D0E516 /* RemoveNoteUseCase.swift */,
				340F73762B5D687C004AFACC /* UpdateNoteUseCase.swift */,
			);
			path = UseCases;
			sourceTree = "<group>";
		};
/* End PBXGroup section */

/* Begin PBXNativeTarget section */
		3409D2A52B1CCB260066A373 /* Testing */ = {
			isa = PBXNativeTarget;
			buildConfigurationList = 3409D2B62B1CCB280066A373 /* Build configuration list for PBXNativeTarget "Testing" */;
			buildPhases = (
				3409D2A22B1CCB260066A373 /* Sources */,
				3409D2A32B1CCB260066A373 /* Frameworks */,
				3409D2A42B1CCB260066A373 /* Resources */,
			);
			buildRules = (
			);
			dependencies = (
			);
			name = Testing;
			productName = Testing;
			productReference = 3409D2A62B1CCB260066A373 /* Testing.app */;
			productType = "com.apple.product-type.application";
		};
		346EB78A2B1E3E6500590F0E /* TestingTests */ = {
			isa = PBXNativeTarget;
			buildConfigurationList = 346EB7932B1E3E6500590F0E /* Build configuration list for PBXNativeTarget "TestingTests" */;
			buildPhases = (
				346EB7872B1E3E6500590F0E /* Sources */,
				346EB7882B1E3E6500590F0E /* Frameworks */,
				346EB7892B1E3E6500590F0E /* Resources */,
			);
			buildRules = (
			);
			dependencies = (
				346EB7902B1E3E6500590F0E /* PBXTargetDependency */,
			);
			name = TestingTests;
			packageProductDependencies = (
				344315AF2B602BEA00BB9F00 /* InlineSnapshotTesting */,
				344315B12B602BEA00BB9F00 /* SnapshotTesting */,
			);
			productName = TestingTests;
			productReference = 346EB78B2B1E3E6500590F0E /* TestingTests.xctest */;
			productType = "com.apple.product-type.bundle.unit-test";
		};
		34A23BA62B6965560066BBBA /* TestingUITests */ = {
			isa = PBXNativeTarget;
			buildConfigurationList = 34A23BB12B6965560066BBBA /* Build configuration list for PBXNativeTarget "TestingUITests" */;
			buildPhases = (
				34A23BA32B6965560066BBBA /* Sources */,
				34A23BA42B6965560066BBBA /* Frameworks */,
				34A23BA52B6965560066BBBA /* Resources */,
			);
			buildRules = (
			);
			dependencies = (
				34A23BAE2B6965560066BBBA /* PBXTargetDependency */,
			);
			name = TestingUITests;
			productName = TestingUITests;
			productReference = 34A23BA72B6965560066BBBA /* TestingUITests.xctest */;
			productType = "com.apple.product-type.bundle.ui-testing";
		};
/* End PBXNativeTarget section */

/* Begin PBXProject section */
		3409D29E2B1CCB260066A373 /* Project object */ = {
			isa = PBXProject;
			attributes = {
				BuildIndependentTargetsInParallel = 1;
				LastSwiftUpdateCheck = 1510;
				LastUpgradeCheck = 1500;
				TargetAttributes = {
					3409D2A52B1CCB260066A373 = {
						CreatedOnToolsVersion = 15.0;
					};
					346EB78A2B1E3E6500590F0E = {
						CreatedOnToolsVersion = 15.0;
						TestTargetID = 3409D2A52B1CCB260066A373;
					};
					34A23BA62B6965560066BBBA = {
						CreatedOnToolsVersion = 15.1;
						TestTargetID = 3409D2A52B1CCB260066A373;
					};
				};
			};
			buildConfigurationList = 3409D2A12B1CCB260066A373 /* Build configuration list for PBXProject "Testing" */;
			compatibilityVersion = "Xcode 14.0";
			developmentRegion = en;
			hasScannedForEncodings = 0;
			knownRegions = (
				en,
				Base,
			);
			mainGroup = 3409D29D2B1CCB260066A373;
			packageReferences = (
				344315AE2B602BEA00BB9F00 /* XCRemoteSwiftPackageReference "swift-snapshot-testing" */,
			);
			productRefGroup = 3409D2A72B1CCB260066A373 /* Products */;
			projectDirPath = "";
			projectRoot = "";
			targets = (
				3409D2A52B1CCB260066A373 /* Testing */,
				346EB78A2B1E3E6500590F0E /* TestingTests */,
				34A23BA62B6965560066BBBA /* TestingUITests */,
			);
		};
/* End PBXProject section */

/* Begin PBXResourcesBuildPhase section */
		3409D2A42B1CCB260066A373 /* Resources */ = {
			isa = PBXResourcesBuildPhase;
			buildActionMask = 2147483647;
			files = (
				3409D2B32B1CCB280066A373 /* Preview Assets.xcassets in Resources */,
				3409D2B02B1CCB280066A373 /* Assets.xcassets in Resources */,
			);
			runOnlyForDeploymentPostprocessing = 0;
		};
		346EB7892B1E3E6500590F0E /* Resources */ = {
			isa = PBXResourcesBuildPhase;
			buildActionMask = 2147483647;
			files = (
			);
			runOnlyForDeploymentPostprocessing = 0;
		};
		34A23BA52B6965560066BBBA /* Resources */ = {
			isa = PBXResourcesBuildPhase;
			buildActionMask = 2147483647;
			files = (
			);
			runOnlyForDeploymentPostprocessing = 0;
		};
/* End PBXResourcesBuildPhase section */

/* Begin PBXSourcesBuildPhase section */
		3409D2A22B1CCB260066A373 /* Sources */ = {
			isa = PBXSourcesBuildPhase;
			buildActionMask = 2147483647;
			files = (
				3409D2BD2B1CCCA80066A373 /* ViewModel.swift in Sources */,
				34D4426D2B28CFA00066BE1C /* NotesDatabase.swift in Sources */,
				3409D2AC2B1CCB260066A373 /* HomeView.swift in Sources */,
				349E01982B2B7C9F00D0E516 /* RemoveNoteUseCase.swift in Sources */,
				3409D2AA2B1CCB260066A373 /* TestingApp.swift in Sources */,
				3409D2C42B1CD9B00066A373 /* UpdateNoteView.swift in Sources */,
				34D442702B28D4CC0066BE1C /* CreateNoteUseCase.swift in Sources */,
				340F73772B5D687C004AFACC /* UpdateNoteUseCase.swift in Sources */,
				34D442722B28D5A10066BE1C /* FetchAllNotesUseCase.swift in Sources */,
				3409D2C02B1CD16F0066A373 /* CreateNoteView.swift in Sources */,
				3409D2BA2B1CCBC00066A373 /* Note.swift in Sources */,
			);
			runOnlyForDeploymentPostprocessing = 0;
		};
		346EB7872B1E3E6500590F0E /* Sources */ = {
			isa = PBXSourcesBuildPhase;
			buildActionMask = 2147483647;
			files = (
				346EB7952B1E44F500590F0E /* ViewModel_Tests.swift in Sources */,
				34D3F7FE2B2A275300CFDD0F /* ViewModel_Integration_Tests.swift in Sources */,
				346EB78E2B1E3E6500590F0E /* Note_Tests.swift in Sources */,
				344315B42B602C3900BB9F00 /* CreateNoteView_SnapshotTest.swift in Sources */,
				340F737A2B5D6E2D004AFACC /* Mocks.swift in Sources */,
			);
			runOnlyForDeploymentPostprocessing = 0;
		};
		34A23BA32B6965560066BBBA /* Sources */ = {
			isa = PBXSourcesBuildPhase;
			buildActionMask = 2147483647;
			files = (
				34A23BAA2B6965560066BBBA /* TestingUITests.swift in Sources */,
			);
			runOnlyForDeploymentPostprocessing = 0;
		};
/* End PBXSourcesBuildPhase section */

/* Begin PBXTargetDependency section */
		346EB7902B1E3E6500590F0E /* PBXTargetDependency */ = {
			isa = PBXTargetDependency;
			target = 3409D2A52B1CCB260066A373 /* Testing */;
			targetProxy = 346EB78F2B1E3E6500590F0E /* PBXContainerItemProxy */;
		};
		34A23BAE2B6965560066BBBA /* PBXTargetDependency */ = {
			isa = PBXTargetDependency;
			target = 3409D2A52B1CCB260066A373 /* Testing */;
			targetProxy = 34A23BAD2B6965560066BBBA /* PBXContainerItemProxy */;
		};
/* End PBXTargetDependency section */

/* Begin XCBuildConfiguration section */
		3409D2B42B1CCB280066A373 /* Debug */ = {
			isa = XCBuildConfiguration;
			buildSettings = {
				ALWAYS_SEARCH_USER_PATHS = NO;
				ASSETCATALOG_COMPILER_GENERATE_SWIFT_ASSET_SYMBOL_EXTENSIONS = YES;
				CLANG_ANALYZER_NONNULL = YES;
				CLANG_ANALYZER_NUMBER_OBJECT_CONVERSION = YES_AGGRESSIVE;
				CLANG_CXX_LANGUAGE_STANDARD = "gnu++20";
				CLANG_ENABLE_MODULES = YES;
				CLANG_ENABLE_OBJC_ARC = YES;
				CLANG_ENABLE_OBJC_WEAK = YES;
				CLANG_WARN_BLOCK_CAPTURE_AUTORELEASING = YES;
				CLANG_WARN_BOOL_CONVERSION = YES;
				CLANG_WARN_COMMA = YES;
				CLANG_WARN_CONSTANT_CONVERSION = YES;
				CLANG_WARN_DEPRECATED_OBJC_IMPLEMENTATIONS = YES;
				CLANG_WARN_DIRECT_OBJC_ISA_USAGE = YES_ERROR;
				CLANG_WARN_DOCUMENTATION_COMMENTS = YES;
				CLANG_WARN_EMPTY_BODY = YES;
				CLANG_WARN_ENUM_CONVERSION = YES;
				CLANG_WARN_INFINITE_RECURSION = YES;
				CLANG_WARN_INT_CONVERSION = YES;
				CLANG_WARN_NON_LITERAL_NULL_CONVERSION = YES;
				CLANG_WARN_OBJC_IMPLICIT_RETAIN_SELF = YES;
				CLANG_WARN_OBJC_LITERAL_CONVERSION = YES;
				CLANG_WARN_OBJC_ROOT_CLASS = YES_ERROR;
				CLANG_WARN_QUOTED_INCLUDE_IN_FRAMEWORK_HEADER = YES;
				CLANG_WARN_RANGE_LOOP_ANALYSIS = YES;
				CLANG_WARN_STRICT_PROTOTYPES = YES;
				CLANG_WARN_SUSPICIOUS_MOVE = YES;
				CLANG_WARN_UNGUARDED_AVAILABILITY = YES_AGGRESSIVE;
				CLANG_WARN_UNREACHABLE_CODE = YES;
				CLANG_WARN__DUPLICATE_METHOD_MATCH = YES;
				COPY_PHASE_STRIP = NO;
				DEBUG_INFORMATION_FORMAT = dwarf;
				ENABLE_STRICT_OBJC_MSGSEND = YES;
				ENABLE_TESTABILITY = YES;
				ENABLE_USER_SCRIPT_SANDBOXING = YES;
				GCC_C_LANGUAGE_STANDARD = gnu17;
				GCC_DYNAMIC_NO_PIC = NO;
				GCC_NO_COMMON_BLOCKS = YES;
				GCC_OPTIMIZATION_LEVEL = 0;
				GCC_PREPROCESSOR_DEFINITIONS = (
					"DEBUG=1",
					"$(inherited)",
				);
				GCC_WARN_64_TO_32_BIT_CONVERSION = YES;
				GCC_WARN_ABOUT_RETURN_TYPE = YES_ERROR;
				GCC_WARN_UNDECLARED_SELECTOR = YES;
				GCC_WARN_UNINITIALIZED_AUTOS = YES_AGGRESSIVE;
				GCC_WARN_UNUSED_FUNCTION = YES;
				GCC_WARN_UNUSED_VARIABLE = YES;
				IPHONEOS_DEPLOYMENT_TARGET = 17.0;
				LOCALIZATION_PREFERS_STRING_CATALOGS = YES;
				MTL_ENABLE_DEBUG_INFO = INCLUDE_SOURCE;
				MTL_FAST_MATH = YES;
				ONLY_ACTIVE_ARCH = YES;
				SDKROOT = iphoneos;
				SWIFT_ACTIVE_COMPILATION_CONDITIONS = "DEBUG $(inherited)";
				SWIFT_OPTIMIZATION_LEVEL = "-Onone";
			};
			name = Debug;
		};
		3409D2B52B1CCB280066A373 /* Release */ = {
			isa = XCBuildConfiguration;
			buildSettings = {
				ALWAYS_SEARCH_USER_PATHS = NO;
				ASSETCATALOG_COMPILER_GENERATE_SWIFT_ASSET_SYMBOL_EXTENSIONS = YES;
				CLANG_ANALYZER_NONNULL = YES;
				CLANG_ANALYZER_NUMBER_OBJECT_CONVERSION = YES_AGGRESSIVE;
				CLANG_CXX_LANGUAGE_STANDARD = "gnu++20";
				CLANG_ENABLE_MODULES = YES;
				CLANG_ENABLE_OBJC_ARC = YES;
				CLANG_ENABLE_OBJC_WEAK = YES;
				CLANG_WARN_BLOCK_CAPTURE_AUTORELEASING = YES;
				CLANG_WARN_BOOL_CONVERSION = YES;
				CLANG_WARN_COMMA = YES;
				CLANG_WARN_CONSTANT_CONVERSION = YES;
				CLANG_WARN_DEPRECATED_OBJC_IMPLEMENTATIONS = YES;
				CLANG_WARN_DIRECT_OBJC_ISA_USAGE = YES_ERROR;
				CLANG_WARN_DOCUMENTATION_COMMENTS = YES;
				CLANG_WARN_EMPTY_BODY = YES;
				CLANG_WARN_ENUM_CONVERSION = YES;
				CLANG_WARN_INFINITE_RECURSION = YES;
				CLANG_WARN_INT_CONVERSION = YES;
				CLANG_WARN_NON_LITERAL_NULL_CONVERSION = YES;
				CLANG_WARN_OBJC_IMPLICIT_RETAIN_SELF = YES;
				CLANG_WARN_OBJC_LITERAL_CONVERSION = YES;
				CLANG_WARN_OBJC_ROOT_CLASS = YES_ERROR;
				CLANG_WARN_QUOTED_INCLUDE_IN_FRAMEWORK_HEADER = YES;
				CLANG_WARN_RANGE_LOOP_ANALYSIS = YES;
				CLANG_WARN_STRICT_PROTOTYPES = YES;
				CLANG_WARN_SUSPICIOUS_MOVE = YES;
				CLANG_WARN_UNGUARDED_AVAILABILITY = YES_AGGRESSIVE;
				CLANG_WARN_UNREACHABLE_CODE = YES;
				CLANG_WARN__DUPLICATE_METHOD_MATCH = YES;
				COPY_PHASE_STRIP = NO;
				DEBUG_INFORMATION_FORMAT = "dwarf-with-dsym";
				ENABLE_NS_ASSERTIONS = NO;
				ENABLE_STRICT_OBJC_MSGSEND = YES;
				ENABLE_USER_SCRIPT_SANDBOXING = YES;
				GCC_C_LANGUAGE_STANDARD = gnu17;
				GCC_NO_COMMON_BLOCKS = YES;
				GCC_WARN_64_TO_32_BIT_CONVERSION = YES;
				GCC_WARN_ABOUT_RETURN_TYPE = YES_ERROR;
				GCC_WARN_UNDECLARED_SELECTOR = YES;
				GCC_WARN_UNINITIALIZED_AUTOS = YES_AGGRESSIVE;
				GCC_WARN_UNUSED_FUNCTION = YES;
				GCC_WARN_UNUSED_VARIABLE = YES;
				IPHONEOS_DEPLOYMENT_TARGET = 17.0;
				LOCALIZATION_PREFERS_STRING_CATALOGS = YES;
				MTL_ENABLE_DEBUG_INFO = NO;
				MTL_FAST_MATH = YES;
				SDKROOT = iphoneos;
				SWIFT_COMPILATION_MODE = wholemodule;
				VALIDATE_PRODUCT = YES;
			};
			name = Release;
		};
		3409D2B72B1CCB280066A373 /* Debug */ = {
			isa = XCBuildConfiguration;
			buildSettings = {
				ASSETCATALOG_COMPILER_APPICON_NAME = AppIcon;
				ASSETCATALOG_COMPILER_GLOBAL_ACCENT_COLOR_NAME = AccentColor;
				CODE_SIGN_STYLE = Automatic;
				CURRENT_PROJECT_VERSION = 1;
				DEVELOPMENT_ASSET_PATHS = "\"Testing/Preview Content\"";
				DEVELOPMENT_TEAM = 4XAMG487KR;
				ENABLE_PREVIEWS = YES;
				GENERATE_INFOPLIST_FILE = YES;
				INFOPLIST_KEY_UIApplicationSceneManifest_Generation = YES;
				INFOPLIST_KEY_UIApplicationSupportsIndirectInputEvents = YES;
				INFOPLIST_KEY_UILaunchScreen_Generation = YES;
				INFOPLIST_KEY_UISupportedInterfaceOrientations_iPad = "UIInterfaceOrientationPortrait UIInterfaceOrientationPortraitUpsideDown UIInterfaceOrientationLandscapeLeft UIInterfaceOrientationLandscapeRight";
				INFOPLIST_KEY_UISupportedInterfaceOrientations_iPhone = "UIInterfaceOrientationPortrait UIInterfaceOrientationLandscapeLeft UIInterfaceOrientationLandscapeRight";
				LD_RUNPATH_SEARCH_PATHS = (
					"$(inherited)",
					"@executable_path/Frameworks",
				);
				MARKETING_VERSION = 1.0;
				PRODUCT_BUNDLE_IDENTIFIER = com.quarantasis.Testing;
				PRODUCT_NAME = "$(TARGET_NAME)";
				SWIFT_EMIT_LOC_STRINGS = YES;
				SWIFT_VERSION = 5.0;
				TARGETED_DEVICE_FAMILY = "1,2";
			};
			name = Debug;
		};
		3409D2B82B1CCB280066A373 /* Release */ = {
			isa = XCBuildConfiguration;
			buildSettings = {
				ASSETCATALOG_COMPILER_APPICON_NAME = AppIcon;
				ASSETCATALOG_COMPILER_GLOBAL_ACCENT_COLOR_NAME = AccentColor;
				CODE_SIGN_STYLE = Automatic;
				CURRENT_PROJECT_VERSION = 1;
				DEVELOPMENT_ASSET_PATHS = "\"Testing/Preview Content\"";
				DEVELOPMENT_TEAM = 4XAMG487KR;
				ENABLE_PREVIEWS = YES;
				GENERATE_INFOPLIST_FILE = YES;
				INFOPLIST_KEY_UIApplicationSceneManifest_Generation = YES;
				INFOPLIST_KEY_UIApplicationSupportsIndirectInputEvents = YES;
				INFOPLIST_KEY_UILaunchScreen_Generation = YES;
				INFOPLIST_KEY_UISupportedInterfaceOrientations_iPad = "UIInterfaceOrientationPortrait UIInterfaceOrientationPortraitUpsideDown UIInterfaceOrientationLandscapeLeft UIInterfaceOrientationLandscapeRight";
				INFOPLIST_KEY_UISupportedInterfaceOrientations_iPhone = "UIInterfaceOrientationPortrait UIInterfaceOrientationLandscapeLeft UIInterfaceOrientationLandscapeRight";
				LD_RUNPATH_SEARCH_PATHS = (
					"$(inherited)",
					"@executable_path/Frameworks",
				);
				MARKETING_VERSION = 1.0;
				PRODUCT_BUNDLE_IDENTIFIER = com.quarantasis.Testing;
				PRODUCT_NAME = "$(TARGET_NAME)";
				SWIFT_EMIT_LOC_STRINGS = YES;
				SWIFT_VERSION = 5.0;
				TARGETED_DEVICE_FAMILY = "1,2";
			};
			name = Release;
		};
		346EB7912B1E3E6500590F0E /* Debug */ = {
			isa = XCBuildConfiguration;
			buildSettings = {
				BUNDLE_LOADER = "$(TEST_HOST)";
				CODE_SIGN_STYLE = Automatic;
				CURRENT_PROJECT_VERSION = 1;
				DEVELOPMENT_TEAM = 4XAMG487KR;
				GENERATE_INFOPLIST_FILE = YES;
				MARKETING_VERSION = 1.0;
				PRODUCT_BUNDLE_IDENTIFIER = com.quarantasis.TestingTests;
				PRODUCT_NAME = "$(TARGET_NAME)";
				SWIFT_EMIT_LOC_STRINGS = NO;
				SWIFT_VERSION = 5.0;
				TARGETED_DEVICE_FAMILY = "1,2";
				TEST_HOST = "$(BUILT_PRODUCTS_DIR)/Testing.app/$(BUNDLE_EXECUTABLE_FOLDER_PATH)/Testing";
			};
			name = Debug;
		};
		346EB7922B1E3E6500590F0E /* Release */ = {
			isa = XCBuildConfiguration;
			buildSettings = {
				BUNDLE_LOADER = "$(TEST_HOST)";
				CODE_SIGN_STYLE = Automatic;
				CURRENT_PROJECT_VERSION = 1;
				DEVELOPMENT_TEAM = 4XAMG487KR;
				GENERATE_INFOPLIST_FILE = YES;
				MARKETING_VERSION = 1.0;
				PRODUCT_BUNDLE_IDENTIFIER = com.quarantasis.TestingTests;
				PRODUCT_NAME = "$(TARGET_NAME)";
				SWIFT_EMIT_LOC_STRINGS = NO;
				SWIFT_VERSION = 5.0;
				TARGETED_DEVICE_FAMILY = "1,2";
				TEST_HOST = "$(BUILT_PRODUCTS_DIR)/Testing.app/$(BUNDLE_EXECUTABLE_FOLDER_PATH)/Testing";
			};
			name = Release;
		};
		34A23BAF2B6965560066BBBA /* Debug */ = {
			isa = XCBuildConfiguration;
			buildSettings = {
				CODE_SIGN_STYLE = Automatic;
				CURRENT_PROJECT_VERSION = 1;
				DEVELOPMENT_TEAM = 4XAMG487KR;
				GENERATE_INFOPLIST_FILE = YES;
				IPHONEOS_DEPLOYMENT_TARGET = 17.2;
				MARKETING_VERSION = 1.0;
				PRODUCT_BUNDLE_IDENTIFIER = com.quarantasis.TestingUITests;
				PRODUCT_NAME = "$(TARGET_NAME)";
				SWIFT_EMIT_LOC_STRINGS = NO;
				SWIFT_VERSION = 5.0;
				TARGETED_DEVICE_FAMILY = "1,2";
				TEST_TARGET_NAME = Testing;
			};
			name = Debug;
		};
		34A23BB02B6965560066BBBA /* Release */ = {
			isa = XCBuildConfiguration;
			buildSettings = {
				CODE_SIGN_STYLE = Automatic;
				CURRENT_PROJECT_VERSION = 1;
				DEVELOPMENT_TEAM = 4XAMG487KR;
				GENERATE_INFOPLIST_FILE = YES;
				IPHONEOS_DEPLOYMENT_TARGET = 17.2;
				MARKETING_VERSION = 1.0;
				PRODUCT_BUNDLE_IDENTIFIER = com.quarantasis.TestingUITests;
				PRODUCT_NAME = "$(TARGET_NAME)";
				SWIFT_EMIT_LOC_STRINGS = NO;
				SWIFT_VERSION = 5.0;
				TARGETED_DEVICE_FAMILY = "1,2";
				TEST_TARGET_NAME = Testing;
			};
			name = Release;
		};
/* End XCBuildConfiguration section */

/* Begin XCConfigurationList section */
		3409D2A12B1CCB260066A373 /* Build configuration list for PBXProject "Testing" */ = {
			isa = XCConfigurationList;
			buildConfigurations = (
				3409D2B42B1CCB280066A373 /* Debug */,
				3409D2B52B1CCB280066A373 /* Release */,
			);
			defaultConfigurationIsVisible = 0;
			defaultConfigurationName = Release;
		};
		3409D2B62B1CCB280066A373 /* Build configuration list for PBXNativeTarget "Testing" */ = {
			isa = XCConfigurationList;
			buildConfigurations = (
				3409D2B72B1CCB280066A373 /* Debug */,
				3409D2B82B1CCB280066A373 /* Release */,
			);
			defaultConfigurationIsVisible = 0;
			defaultConfigurationName = Release;
		};
		346EB7932B1E3E6500590F0E /* Build configuration list for PBXNativeTarget "TestingTests" */ = {
			isa = XCConfigurationList;
			buildConfigurations = (
				346EB7912B1E3E6500590F0E /* Debug */,
				346EB7922B1E3E6500590F0E /* Release */,
			);
			defaultConfigurationIsVisible = 0;
			defaultConfigurationName = Release;
		};
		34A23BB12B6965560066BBBA /* Build configuration list for PBXNativeTarget "TestingUITests" */ = {
			isa = XCConfigurationList;
			buildConfigurations = (
				34A23BAF2B6965560066BBBA /* Debug */,
				34A23BB02B6965560066BBBA /* Release */,
			);
			defaultConfigurationIsVisible = 0;
			defaultConfigurationName = Release;
		};
/* End XCConfigurationList section */

/* Begin XCRemoteSwiftPackageReference section */
		344315AE2B602BEA00BB9F00 /* XCRemoteSwiftPackageReference "swift-snapshot-testing" */ = {
			isa = XCRemoteSwiftPackageReference;
			repositoryURL = "https://github.com/pointfreeco/swift-snapshot-testing.git";
			requirement = {
				kind = upToNextMajorVersion;
				minimumVersion = 1.15.2;
			};
		};
/* End XCRemoteSwiftPackageReference section */

/* Begin XCSwiftPackageProductDependency section */
		344315AF2B602BEA00BB9F00 /* InlineSnapshotTesting */ = {
			isa = XCSwiftPackageProductDependency;
			package = 344315AE2B602BEA00BB9F00 /* XCRemoteSwiftPackageReference "swift-snapshot-testing" */;
			productName = InlineSnapshotTesting;
		};
		344315B12B602BEA00BB9F00 /* SnapshotTesting */ = {
			isa = XCSwiftPackageProductDependency;
			package = 344315AE2B602BEA00BB9F00 /* XCRemoteSwiftPackageReference "swift-snapshot-testing" */;
			productName = SnapshotTesting;
		};
/* End XCSwiftPackageProductDependency section */
	};
	rootObject = 3409D29E2B1CCB260066A373 /* Project object */;
}
